// !$*UTF8*$!
{
	archiveVersion = 1;
	classes = {
	};
	objectVersion = 48;
	objects = {

/* Begin PBXBuildFile section */
		9727CC371FBA8F5E00313B26 /* AppDelegate.swift in Sources */ = {isa = PBXBuildFile; fileRef = 9727CC361FBA8F5E00313B26 /* AppDelegate.swift */; };
		9727CC391FBA8F5E00313B26 /* ViewController.swift in Sources */ = {isa = PBXBuildFile; fileRef = 9727CC381FBA8F5E00313B26 /* ViewController.swift */; };
		9727CC3C1FBA8F5E00313B26 /* Main.storyboard in Resources */ = {isa = PBXBuildFile; fileRef = 9727CC3A1FBA8F5E00313B26 /* Main.storyboard */; };
		9727CC3E1FBA8F5F00313B26 /* Assets.xcassets in Resources */ = {isa = PBXBuildFile; fileRef = 9727CC3D1FBA8F5F00313B26 /* Assets.xcassets */; };
		9727CC411FBA8F5F00313B26 /* LaunchScreen.storyboard in Resources */ = {isa = PBXBuildFile; fileRef = 9727CC3F1FBA8F5F00313B26 /* LaunchScreen.storyboard */; };
		9727CC4C1FBA8F5F00313B26 /* UIKit_Elements_LabTests.swift in Sources */ = {isa = PBXBuildFile; fileRef = 9727CC4B1FBA8F5F00313B26 /* UIKit_Elements_LabTests.swift */; };
		9727CC571FBA8F5F00313B26 /* UIKit_Elements_LabUITests.swift in Sources */ = {isa = PBXBuildFile; fileRef = 9727CC561FBA8F5F00313B26 /* UIKit_Elements_LabUITests.swift */; };
/* End PBXBuildFile section */

/* Begin PBXContainerItemProxy section */
		9727CC481FBA8F5F00313B26 /* PBXContainerItemProxy */ = {
			isa = PBXContainerItemProxy;
			containerPortal = 9727CC2B1FBA8F5E00313B26 /* Project object */;
			proxyType = 1;
			remoteGlobalIDString = 9727CC321FBA8F5E00313B26;
			remoteInfo = "UIKit Elements Lab";
		};
		9727CC531FBA8F5F00313B26 /* PBXContainerItemProxy */ = {
			isa = PBXContainerItemProxy;
			containerPortal = 9727CC2B1FBA8F5E00313B26 /* Project object */;
			proxyType = 1;
			remoteGlobalIDString = 9727CC321FBA8F5E00313B26;
			remoteInfo = "UIKit Elements Lab";
		};
/* End PBXContainerItemProxy section */

/* Begin PBXFileReference section */
		9727CC331FBA8F5E00313B26 /* UIKit Elements Lab.app */ = {isa = PBXFileReference; explicitFileType = wrapper.application; includeInIndex = 0; path = "UIKit Elements Lab.app"; sourceTree = BUILT_PRODUCTS_DIR; };
		9727CC361FBA8F5E00313B26 /* AppDelegate.swift */ = {isa = PBXFileReference; lastKnownFileType = sourcecode.swift; path = AppDelegate.swift; sourceTree = "<group>"; };
		9727CC381FBA8F5E00313B26 /* ViewController.swift */ = {isa = PBXFileReference; lastKnownFileType = sourcecode.swift; path = ViewController.swift; sourceTree = "<group>"; };
		9727CC3B1FBA8F5E00313B26 /* Base */ = {isa = PBXFileReference; lastKnownFileType = file.storyboard; name = Base; path = Base.lproj/Main.storyboard; sourceTree = "<group>"; };
		9727CC3D1FBA8F5F00313B26 /* Assets.xcassets */ = {isa = PBXFileReference; lastKnownFileType = folder.assetcatalog; path = Assets.xcassets; sourceTree = "<group>"; };
		9727CC401FBA8F5F00313B26 /* Base */ = {isa = PBXFileReference; lastKnownFileType = file.storyboard; name = Base; path = Base.lproj/LaunchScreen.storyboard; sourceTree = "<group>"; };
		9727CC421FBA8F5F00313B26 /* Info.plist */ = {isa = PBXFileReference; lastKnownFileType = text.plist.xml; path = Info.plist; sourceTree = "<group>"; };
		9727CC471FBA8F5F00313B26 /* UIKit Elements LabTests.xctest */ = {isa = PBXFileReference; explicitFileType = wrapper.cfbundle; includeInIndex = 0; path = "UIKit Elements LabTests.xctest"; sourceTree = BUILT_PRODUCTS_DIR; };
		9727CC4B1FBA8F5F00313B26 /* UIKit_Elements_LabTests.swift */ = {isa = PBXFileReference; lastKnownFileType = sourcecode.swift; path = UIKit_Elements_LabTests.swift; sourceTree = "<group>"; };
		9727CC4D1FBA8F5F00313B26 /* Info.plist */ = {isa = PBXFileReference; lastKnownFileType = text.plist.xml; path = Info.plist; sourceTree = "<group>"; };
		9727CC521FBA8F5F00313B26 /* UIKit Elements LabUITests.xctest */ = {isa = PBXFileReference; explicitFileType = wrapper.cfbundle; includeInIndex = 0; path = "UIKit Elements LabUITests.xctest"; sourceTree = BUILT_PRODUCTS_DIR; };
		9727CC561FBA8F5F00313B26 /* UIKit_Elements_LabUITests.swift */ = {isa = PBXFileReference; lastKnownFileType = sourcecode.swift; path = UIKit_Elements_LabUITests.swift; sourceTree = "<group>"; };
		9727CC581FBA8F5F00313B26 /* Info.plist */ = {isa = PBXFileReference; lastKnownFileType = text.plist.xml; path = Info.plist; sourceTree = "<group>"; };
/* End PBXFileReference section */

/* Begin PBXFrameworksBuildPhase section */
		9727CC301FBA8F5E00313B26 /* Frameworks */ = {
			isa = PBXFrameworksBuildPhase;
			buildActionMask = 2147483647;
			files = (
			);
			runOnlyForDeploymentPostprocessing = 0;
		};
		9727CC441FBA8F5F00313B26 /* Frameworks */ = {
			isa = PBXFrameworksBuildPhase;
			buildActionMask = 2147483647;
			files = (
			);
			runOnlyForDeploymentPostprocessing = 0;
		};
		9727CC4F1FBA8F5F00313B26 /* Frameworks */ = {
			isa = PBXFrameworksBuildPhase;
			buildActionMask = 2147483647;
			files = (
			);
			runOnlyForDeploymentPostprocessing = 0;
		};
/* End PBXFrameworksBuildPhase section */

/* Begin PBXGroup section */
		9727CC2A1FBA8F5E00313B26 = {
			isa = PBXGroup;
			children = (
				9727CC351FBA8F5E00313B26 /* UIKit Elements Lab */,
				9727CC4A1FBA8F5F00313B26 /* UIKit Elements LabTests */,
				9727CC551FBA8F5F00313B26 /* UIKit Elements LabUITests */,
				9727CC341FBA8F5E00313B26 /* Products */,
			);
			sourceTree = "<group>";
		};
		9727CC341FBA8F5E00313B26 /* Products */ = {
			isa = PBXGroup;
			children = (
				9727CC331FBA8F5E00313B26 /* UIKit Elements Lab.app */,
				9727CC471FBA8F5F00313B26 /* UIKit Elements LabTests.xctest */,
				9727CC521FBA8F5F00313B26 /* UIKit Elements LabUITests.xctest */,
			);
			name = Products;
			sourceTree = "<group>";
		};
		9727CC351FBA8F5E00313B26 /* UIKit Elements Lab */ = {
			isa = PBXGroup;
			children = (
				9727CC361FBA8F5E00313B26 /* AppDelegate.swift */,
				9727CC381FBA8F5E00313B26 /* ViewController.swift */,
				9727CC3A1FBA8F5E00313B26 /* Main.storyboard */,
				9727CC3D1FBA8F5F00313B26 /* Assets.xcassets */,
				9727CC3F1FBA8F5F00313B26 /* LaunchScreen.storyboard */,
				9727CC421FBA8F5F00313B26 /* Info.plist */,
			);
			path = "UIKit Elements Lab";
			sourceTree = "<group>";
		};
		9727CC4A1FBA8F5F00313B26 /* UIKit Elements LabTests */ = {
			isa = PBXGroup;
			children = (
				9727CC4B1FBA8F5F00313B26 /* UIKit_Elements_LabTests.swift */,
				9727CC4D1FBA8F5F00313B26 /* Info.plist */,
			);
			path = "UIKit Elements LabTests";
			sourceTree = "<group>";
		};
		9727CC551FBA8F5F00313B26 /* UIKit Elements LabUITests */ = {
			isa = PBXGroup;
			children = (
				9727CC561FBA8F5F00313B26 /* UIKit_Elements_LabUITests.swift */,
				9727CC581FBA8F5F00313B26 /* Info.plist */,
			);
			path = "UIKit Elements LabUITests";
			sourceTree = "<group>";
		};
/* End PBXGroup section */

/* Begin PBXNativeTarget section */
		9727CC321FBA8F5E00313B26 /* UIKit Elements Lab */ = {
			isa = PBXNativeTarget;
			buildConfigurationList = 9727CC5B1FBA8F5F00313B26 /* Build configuration list for PBXNativeTarget "UIKit Elements Lab" */;
			buildPhases = (
				9727CC2F1FBA8F5E00313B26 /* Sources */,
				9727CC301FBA8F5E00313B26 /* Frameworks */,
				9727CC311FBA8F5E00313B26 /* Resources */,
			);
			buildRules = (
			);
			dependencies = (
			);
			name = "UIKit Elements Lab";
			productName = "UIKit Elements Lab";
			productReference = 9727CC331FBA8F5E00313B26 /* UIKit Elements Lab.app */;
			productType = "com.apple.product-type.application";
		};
		9727CC461FBA8F5F00313B26 /* UIKit Elements LabTests */ = {
			isa = PBXNativeTarget;
			buildConfigurationList = 9727CC5E1FBA8F5F00313B26 /* Build configuration list for PBXNativeTarget "UIKit Elements LabTests" */;
			buildPhases = (
				9727CC431FBA8F5F00313B26 /* Sources */,
				9727CC441FBA8F5F00313B26 /* Frameworks */,
				9727CC451FBA8F5F00313B26 /* Resources */,
			);
			buildRules = (
			);
			dependencies = (
				9727CC491FBA8F5F00313B26 /* PBXTargetDependency */,
			);
			name = "UIKit Elements LabTests";
			productName = "UIKit Elements LabTests";
			productReference = 9727CC471FBA8F5F00313B26 /* UIKit Elements LabTests.xctest */;
			productType = "com.apple.product-type.bundle.unit-test";
		};
		9727CC511FBA8F5F00313B26 /* UIKit Elements LabUITests */ = {
			isa = PBXNativeTarget;
			buildConfigurationList = 9727CC611FBA8F5F00313B26 /* Build configuration list for PBXNativeTarget "UIKit Elements LabUITests" */;
			buildPhases = (
				9727CC4E1FBA8F5F00313B26 /* Sources */,
				9727CC4F1FBA8F5F00313B26 /* Frameworks */,
				9727CC501FBA8F5F00313B26 /* Resources */,
			);
			buildRules = (
			);
			dependencies = (
				9727CC541FBA8F5F00313B26 /* PBXTargetDependency */,
			);
			name = "UIKit Elements LabUITests";
			productName = "UIKit Elements LabUITests";
			productReference = 9727CC521FBA8F5F00313B26 /* UIKit Elements LabUITests.xctest */;
			productType = "com.apple.product-type.bundle.ui-testing";
		};
/* End PBXNativeTarget section */

/* Begin PBXProject section */
		9727CC2B1FBA8F5E00313B26 /* Project object */ = {
			isa = PBXProject;
			attributes = {
				LastSwiftUpdateCheck = 0910;
				LastUpgradeCheck = 0910;
				ORGANIZATIONNAME = "Shane Reynolds";
				TargetAttributes = {
					9727CC321FBA8F5E00313B26 = {
						CreatedOnToolsVersion = 9.1;
						ProvisioningStyle = Automatic;
					};
					9727CC461FBA8F5F00313B26 = {
						CreatedOnToolsVersion = 9.1;
						ProvisioningStyle = Automatic;
						TestTargetID = 9727CC321FBA8F5E00313B26;
					};
					9727CC511FBA8F5F00313B26 = {
						CreatedOnToolsVersion = 9.1;
						ProvisioningStyle = Automatic;
						TestTargetID = 9727CC321FBA8F5E00313B26;
					};
				};
			};
			buildConfigurationList = 9727CC2E1FBA8F5E00313B26 /* Build configuration list for PBXProject "UIKit Elements Lab" */;
			compatibilityVersion = "Xcode 8.0";
			developmentRegion = en;
			hasScannedForEncodings = 0;
			knownRegions = (
				en,
				Base,
			);
			mainGroup = 9727CC2A1FBA8F5E00313B26;
			productRefGroup = 9727CC341FBA8F5E00313B26 /* Products */;
			projectDirPath = "";
			projectRoot = "";
			targets = (
				9727CC321FBA8F5E00313B26 /* UIKit Elements Lab */,
				9727CC461FBA8F5F00313B26 /* UIKit Elements LabTests */,
				9727CC511FBA8F5F00313B26 /* UIKit Elements LabUITests */,
			);
		};
/* End PBXProject section */

/* Begin PBXResourcesBuildPhase section */
		9727CC311FBA8F5E00313B26 /* Resources */ = {
			isa = PBXResourcesBuildPhase;
			buildActionMask = 2147483647;
			files = (
				9727CC411FBA8F5F00313B26 /* LaunchScreen.storyboard in Resources */,
				9727CC3E1FBA8F5F00313B26 /* Assets.xcassets in Resources */,
				9727CC3C1FBA8F5E00313B26 /* Main.storyboard in Resources */,
			);
			runOnlyForDeploymentPostprocessing = 0;
		};
		9727CC451FBA8F5F00313B26 /* Resources */ = {
			isa = PBXResourcesBuildPhase;
			buildActionMask = 2147483647;
			files = (
			);
			runOnlyForDeploymentPostprocessing = 0;
		};
		9727CC501FBA8F5F00313B26 /* Resources */ = {
			isa = PBXResourcesBuildPhase;
			buildActionMask = 2147483647;
			files = (
			);
			runOnlyForDeploymentPostprocessing = 0;
		};
/* End PBXResourcesBuildPhase section */

/* Begin PBXSourcesBuildPhase section */
		9727CC2F1FBA8F5E00313B26 /* Sources */ = {
			isa = PBXSourcesBuildPhase;
			buildActionMask = 2147483647;
			files = (
				9727CC391FBA8F5E00313B26 /* ViewController.swift in Sources */,
				9727CC371FBA8F5E00313B26 /* AppDelegate.swift in Sources */,
			);
			runOnlyForDeploymentPostprocessing = 0;
		};
		9727CC431FBA8F5F00313B26 /* Sources */ = {
			isa = PBXSourcesBuildPhase;
			buildActionMask = 2147483647;
			files = (
				9727CC4C1FBA8F5F00313B26 /* UIKit_Elements_LabTests.swift in Sources */,
			);
			runOnlyForDeploymentPostprocessing = 0;
		};
		9727CC4E1FBA8F5F00313B26 /* Sources */ = {
			isa = PBXSourcesBuildPhase;
			buildActionMask = 2147483647;
			files = (
				9727CC571FBA8F5F00313B26 /* UIKit_Elements_LabUITests.swift in Sources */,
			);
			runOnlyForDeploymentPostprocessing = 0;
		};
/* End PBXSourcesBuildPhase section */

/* Begin PBXTargetDependency section */
		9727CC491FBA8F5F00313B26 /* PBXTargetDependency */ = {
			isa = PBXTargetDependency;
			target = 9727CC321FBA8F5E00313B26 /* UIKit Elements Lab */;
			targetProxy = 9727CC481FBA8F5F00313B26 /* PBXContainerItemProxy */;
		};
		9727CC541FBA8F5F00313B26 /* PBXTargetDependency */ = {
			isa = PBXTargetDependency;
			target = 9727CC321FBA8F5E00313B26 /* UIKit Elements Lab */;
			targetProxy = 9727CC531FBA8F5F00313B26 /* PBXContainerItemProxy */;
		};
/* End PBXTargetDependency section */

/* Begin PBXVariantGroup section */
		9727CC3A1FBA8F5E00313B26 /* Main.storyboard */ = {
			isa = PBXVariantGroup;
			children = (
				9727CC3B1FBA8F5E00313B26 /* Base */,
			);
			name = Main.storyboard;
			sourceTree = "<group>";
		};
		9727CC3F1FBA8F5F00313B26 /* LaunchScreen.storyboard */ = {
			isa = PBXVariantGroup;
			children = (
				9727CC401FBA8F5F00313B26 /* Base */,
			);
			name = LaunchScreen.storyboard;
			sourceTree = "<group>";
		};
/* End PBXVariantGroup section */

/* Begin XCBuildConfiguration section */
		9727CC591FBA8F5F00313B26 /* Debug */ = {
			isa = XCBuildConfiguration;
			buildSettings = {
				ALWAYS_SEARCH_USER_PATHS = NO;
				CLANG_ANALYZER_NONNULL = YES;
				CLANG_ANALYZER_NUMBER_OBJECT_CONVERSION = YES_AGGRESSIVE;
				CLANG_CXX_LANGUAGE_STANDARD = "gnu++14";
				CLANG_CXX_LIBRARY = "libc++";
				CLANG_ENABLE_MODULES = YES;
				CLANG_ENABLE_OBJC_ARC = YES;
				CLANG_WARN_BLOCK_CAPTURE_AUTORELEASING = YES;
				CLANG_WARN_BOOL_CONVERSION = YES;
				CLANG_WARN_COMMA = YES;
				CLANG_WARN_CONSTANT_CONVERSION = YES;
				CLANG_WARN_DIRECT_OBJC_ISA_USAGE = YES_ERROR;
				CLANG_WARN_DOCUMENTATION_COMMENTS = YES;
				CLANG_WARN_EMPTY_BODY = YES;
				CLANG_WARN_ENUM_CONVERSION = YES;
				CLANG_WARN_INFINITE_RECURSION = YES;
				CLANG_WARN_INT_CONVERSION = YES;
				CLANG_WARN_NON_LITERAL_NULL_CONVERSION = YES;
				CLANG_WARN_OBJC_LITERAL_CONVERSION = YES;
				CLANG_WARN_OBJC_ROOT_CLASS = YES_ERROR;
				CLANG_WARN_RANGE_LOOP_ANALYSIS = YES;
				CLANG_WARN_STRICT_PROTOTYPES = YES;
				CLANG_WARN_SUSPICIOUS_MOVE = YES;
				CLANG_WARN_UNGUARDED_AVAILABILITY = YES_AGGRESSIVE;
				CLANG_WARN_UNREACHABLE_CODE = YES;
				CLANG_WARN__DUPLICATE_METHOD_MATCH = YES;
				CODE_SIGN_IDENTITY = "iPhone Developer";
				COPY_PHASE_STRIP = NO;
				DEBUG_INFORMATION_FORMAT = dwarf;
				ENABLE_STRICT_OBJC_MSGSEND = YES;
				ENABLE_TESTABILITY = YES;
				GCC_C_LANGUAGE_STANDARD = gnu11;
				GCC_DYNAMIC_NO_PIC = NO;
				GCC_NO_COMMON_BLOCKS = YES;
				GCC_OPTIMIZATION_LEVEL = 0;
				GCC_PREPROCESSOR_DEFINITIONS = (
					"DEBUG=1",
					"$(inherited)",
				);
				GCC_WARN_64_TO_32_BIT_CONVERSION = YES;
				GCC_WARN_ABOUT_RETURN_TYPE = YES_ERROR;
				GCC_WARN_UNDECLARED_SELECTOR = YES;
				GCC_WARN_UNINITIALIZED_AUTOS = YES_AGGRESSIVE;
				GCC_WARN_UNUSED_FUNCTION = YES;
				GCC_WARN_UNUSED_VARIABLE = YES;
				IPHONEOS_DEPLOYMENT_TARGET = 11.1;
				MTL_ENABLE_DEBUG_INFO = YES;
				ONLY_ACTIVE_ARCH = YES;
				SDKROOT = iphoneos;
				SWIFT_ACTIVE_COMPILATION_CONDITIONS = DEBUG;
				SWIFT_OPTIMIZATION_LEVEL = "-Onone";
			};
			name = Debug;
		};
		9727CC5A1FBA8F5F00313B26 /* Release */ = {
			isa = XCBuildConfiguration;
			buildSettings = {
				ALWAYS_SEARCH_USER_PATHS = NO;
				CLANG_ANALYZER_NONNULL = YES;
				CLANG_ANALYZER_NUMBER_OBJECT_CONVERSION = YES_AGGRESSIVE;
				CLANG_CXX_LANGUAGE_STANDARD = "gnu++14";
				CLANG_CXX_LIBRARY = "libc++";
				CLANG_ENABLE_MODULES = YES;
				CLANG_ENABLE_OBJC_ARC = YES;
				CLANG_WARN_BLOCK_CAPTURE_AUTORELEASING = YES;
				CLANG_WARN_BOOL_CONVERSION = YES;
				CLANG_WARN_COMMA = YES;
				CLANG_WARN_CONSTANT_CONVERSION = YES;
				CLANG_WARN_DIRECT_OBJC_ISA_USAGE = YES_ERROR;
				CLANG_WARN_DOCUMENTATION_COMMENTS = YES;
				CLANG_WARN_EMPTY_BODY = YES;
				CLANG_WARN_ENUM_CONVERSION = YES;
				CLANG_WARN_INFINITE_RECURSION = YES;
				CLANG_WARN_INT_CONVERSION = YES;
				CLANG_WARN_NON_LITERAL_NULL_CONVERSION = YES;
				CLANG_WARN_OBJC_LITERAL_CONVERSION = YES;
				CLANG_WARN_OBJC_ROOT_CLASS = YES_ERROR;
				CLANG_WARN_RANGE_LOOP_ANALYSIS = YES;
				CLANG_WARN_STRICT_PROTOTYPES = YES;
				CLANG_WARN_SUSPICIOUS_MOVE = YES;
				CLANG_WARN_UNGUARDED_AVAILABILITY = YES_AGGRESSIVE;
				CLANG_WARN_UNREACHABLE_CODE = YES;
				CLANG_WARN__DUPLICATE_METHOD_MATCH = YES;
				CODE_SIGN_IDENTITY = "iPhone Developer";
				COPY_PHASE_STRIP = NO;
				DEBUG_INFORMATION_FORMAT = "dwarf-with-dsym";
				ENABLE_NS_ASSERTIONS = NO;
				ENABLE_STRICT_OBJC_MSGSEND = YES;
				GCC_C_LANGUAGE_STANDARD = gnu11;
				GCC_NO_COMMON_BLOCKS = YES;
				GCC_WARN_64_TO_32_BIT_CONVERSION = YES;
				GCC_WARN_ABOUT_RETURN_TYPE = YES_ERROR;
				GCC_WARN_UNDECLARED_SELECTOR = YES;
				GCC_WARN_UNINITIALIZED_AUTOS = YES_AGGRESSIVE;
				GCC_WARN_UNUSED_FUNCTION = YES;
				GCC_WARN_UNUSED_VARIABLE = YES;
				IPHONEOS_DEPLOYMENT_TARGET = 11.1;
				MTL_ENABLE_DEBUG_INFO = NO;
				SDKROOT = iphoneos;
				SWIFT_OPTIMIZATION_LEVEL = "-Owholemodule";
				VALIDATE_PRODUCT = YES;
			};
			name = Release;
		};
		9727CC5C1FBA8F5F00313B26 /* Debug */ = {
			isa = XCBuildConfiguration;
			buildSettings = {
				ASSETCATALOG_COMPILER_APPICON_NAME = AppIcon;
				CODE_SIGN_STYLE = Automatic;
				DEVELOPMENT_TEAM = 9SY85RE8ES;
				INFOPLIST_FILE = "UIKit Elements Lab/Info.plist";
				LD_RUNPATH_SEARCH_PATHS = "$(inherited) @executable_path/Frameworks";
				PRODUCT_BUNDLE_IDENTIFIER = "com.example.UIKit-Elements-Lab";
				PRODUCT_NAME = "$(TARGET_NAME)";
				SWIFT_VERSION = 4.0;
				TARGETED_DEVICE_FAMILY = "1,2";
			};
			name = Debug;
		};
		9727CC5D1FBA8F5F00313B26 /* Release */ = {
			isa = XCBuildConfiguration;
			buildSettings = {
				ASSETCATALOG_COMPILER_APPICON_NAME = AppIcon;
				CODE_SIGN_STYLE = Automatic;
				DEVELOPMENT_TEAM = 9SY85RE8ES;
				INFOPLIST_FILE = "UIKit Elements Lab/Info.plist";
				LD_RUNPATH_SEARCH_PATHS = "$(inherited) @executable_path/Frameworks";
				PRODUCT_BUNDLE_IDENTIFIER = "com.example.UIKit-Elements-Lab";
				PRODUCT_NAME = "$(TARGET_NAME)";
				SWIFT_VERSION = 4.0;
				TARGETED_DEVICE_FAMILY = "1,2";
			};
			name = Release;
		};
		9727CC5F1FBA8F5F00313B26 /* Debug */ = {
			isa = XCBuildConfiguration;
			buildSettings = {
				ALWAYS_EMBED_SWIFT_STANDARD_LIBRARIES = YES;
				BUNDLE_LOADER = "$(TEST_HOST)";
				CODE_SIGN_STYLE = Automatic;
				DEVELOPMENT_TEAM = 9SY85RE8ES;
				INFOPLIST_FILE = "UIKit Elements LabTests/Info.plist";
				LD_RUNPATH_SEARCH_PATHS = "$(inherited) @executable_path/Frameworks @loader_path/Frameworks";
				PRODUCT_BUNDLE_IDENTIFIER = "com.example.UIKit-Elements-LabTests";
				PRODUCT_NAME = "$(TARGET_NAME)";
				SWIFT_VERSION = 4.0;
				TARGETED_DEVICE_FAMILY = "1,2";
				TEST_HOST = "$(BUILT_PRODUCTS_DIR)/UIKit Elements Lab.app/UIKit Elements Lab";
			};
			name = Debug;
		};
		9727CC601FBA8F5F00313B26 /* Release */ = {
			isa = XCBuildConfiguration;
			buildSettings = {
				ALWAYS_EMBED_SWIFT_STANDARD_LIBRARIES = YES;
				BUNDLE_LOADER = "$(TEST_HOST)";
				CODE_SIGN_STYLE = Automatic;
				DEVELOPMENT_TEAM = 9SY85RE8ES;
				INFOPLIST_FILE = "UIKit Elements LabTests/Info.plist";
				LD_RUNPATH_SEARCH_PATHS = "$(inherited) @executable_path/Frameworks @loader_path/Frameworks";
				PRODUCT_BUNDLE_IDENTIFIER = "com.example.UIKit-Elements-LabTests";
				PRODUCT_NAME = "$(TARGET_NAME)";
				SWIFT_VERSION = 4.0;
				TARGETED_DEVICE_FAMILY = "1,2";
				TEST_HOST = "$(BUILT_PRODUCTS_DIR)/UIKit Elements Lab.app/UIKit Elements Lab";
			};
			name = Release;
		};
		9727CC621FBA8F5F00313B26 /* Debug */ = {
			isa = XCBuildConfiguration;
			buildSettings = {
				ALWAYS_EMBED_SWIFT_STANDARD_LIBRARIES = YES;
				CODE_SIGN_STYLE = Automatic;
				DEVELOPMENT_TEAM = 9SY85RE8ES;
				INFOPLIST_FILE = "UIKit Elements LabUITests/Info.plist";
				LD_RUNPATH_SEARCH_PATHS = "$(inherited) @executable_path/Frameworks @loader_path/Frameworks";
				PRODUCT_BUNDLE_IDENTIFIER = "com.example.UIKit-Elements-LabUITests";
				PRODUCT_NAME = "$(TARGET_NAME)";
				SWIFT_VERSION = 4.0;
				TARGETED_DEVICE_FAMILY = "1,2";
				TEST_TARGET_NAME = "UIKit Elements Lab";
			};
			name = Debug;
		};
		9727CC631FBA8F5F00313B26 /* Release */ = {
			isa = XCBuildConfiguration;
			buildSettings = {
				ALWAYS_EMBED_SWIFT_STANDARD_LIBRARIES = YES;
				CODE_SIGN_STYLE = Automatic;
				DEVELOPMENT_TEAM = 9SY85RE8ES;
				INFOPLIST_FILE = "UIKit Elements LabUITests/Info.plist";
				LD_RUNPATH_SEARCH_PATHS = "$(inherited) @executable_path/Frameworks @loader_path/Frameworks";
				PRODUCT_BUNDLE_IDENTIFIER = "com.example.UIKit-Elements-LabUITests";
				PRODUCT_NAME = "$(TARGET_NAME)";
				SWIFT_VERSION = 4.0;
				TARGETED_DEVICE_FAMILY = "1,2";
				TEST_TARGET_NAME = "UIKit Elements Lab";
			};
			name = Release;
		};
/* End XCBuildConfiguration section */

/* Begin XCConfigurationList section */
		9727CC2E1FBA8F5E00313B26 /* Build configuration list for PBXProject "UIKit Elements Lab" */ = {
			isa = XCConfigurationList;
			buildConfigurations = (
				9727CC591FBA8F5F00313B26 /* Debug */,
				9727CC5A1FBA8F5F00313B26 /* Release */,
			);
			defaultConfigurationIsVisible = 0;
			defaultConfigurationName = Release;
		};
		9727CC5B1FBA8F5F00313B26 /* Build configuration list for PBXNativeTarget "UIKit Elements Lab" */ = {
			isa = XCConfigurationList;
			buildConfigurations = (
				9727CC5C1FBA8F5F00313B26 /* Debug */,
				9727CC5D1FBA8F5F00313B26 /* Release */,
			);
			defaultConfigurationIsVisible = 0;
			defaultConfigurationName = Release;
		};
		9727CC5E1FBA8F5F00313B26 /* Build configuration list for PBXNativeTarget "UIKit Elements LabTests" */ = {
			isa = XCConfigurationList;
			buildConfigurations = (
				9727CC5F1FBA8F5F00313B26 /* Debug */,
				9727CC601FBA8F5F00313B26 /* Release */,
			);
			defaultConfigurationIsVisible = 0;
			defaultConfigurationName = Release;
		};
		9727CC611FBA8F5F00313B26 /* Build configuration list for PBXNativeTarget "UIKit Elements LabUITests" */ = {
			isa = XCConfigurationList;
			buildConfigurations = (
				9727CC621FBA8F5F00313B26 /* Debug */,
				9727CC631FBA8F5F00313B26 /* Release */,
			);
			defaultConfigurationIsVisible = 0;
			defaultConfigurationName = Release;
		};
/* End XCConfigurationList section */
	};
	rootObject = 9727CC2B1FBA8F5E00313B26 /* Project object */;
}
