// !$*UTF8*$!
{
	archiveVersion = 1;
	classes = {
	};
	objectVersion = 48;
	objects = {

/* Begin PBXBuildFile section */
		D418291C1F9505F300725158 /* AppDelegate.swift in Sources */ = {isa = PBXBuildFile; fileRef = D418291B1F9505F300725158 /* AppDelegate.swift */; };
		D418291E1F9505F300725158 /* ViewController.swift in Sources */ = {isa = PBXBuildFile; fileRef = D418291D1F9505F300725158 /* ViewController.swift */; };
		D41829211F9505F300725158 /* Main.storyboard in Resources */ = {isa = PBXBuildFile; fileRef = D418291F1F9505F300725158 /* Main.storyboard */; };
		D41829231F9505F300725158 /* Assets.xcassets in Resources */ = {isa = PBXBuildFile; fileRef = D41829221F9505F300725158 /* Assets.xcassets */; };
		D41829261F9505F300725158 /* LaunchScreen.storyboard in Resources */ = {isa = PBXBuildFile; fileRef = D41829241F9505F300725158 /* LaunchScreen.storyboard */; };
		D41829311F9505F300725158 /* UIKitProjectTests.swift in Sources */ = {isa = PBXBuildFile; fileRef = D41829301F9505F300725158 /* UIKitProjectTests.swift */; };
/* End PBXBuildFile section */

/* Begin PBXContainerItemProxy section */
		D418292D1F9505F300725158 /* PBXContainerItemProxy */ = {
			isa = PBXContainerItemProxy;
			containerPortal = D41829101F9505F300725158 /* Project object */;
			proxyType = 1;
			remoteGlobalIDString = D41829171F9505F300725158;
			remoteInfo = UIKitProject;
		};
/* End PBXContainerItemProxy section */

/* Begin PBXFileReference section */
		D41829181F9505F300725158 /* UIKitProject.app */ = {isa = PBXFileReference; explicitFileType = wrapper.application; includeInIndex = 0; path = UIKitProject.app; sourceTree = BUILT_PRODUCTS_DIR; };
		D418291B1F9505F300725158 /* AppDelegate.swift */ = {isa = PBXFileReference; lastKnownFileType = sourcecode.swift; path = AppDelegate.swift; sourceTree = "<group>"; };
		D418291D1F9505F300725158 /* ViewController.swift */ = {isa = PBXFileReference; lastKnownFileType = sourcecode.swift; path = ViewController.swift; sourceTree = "<group>"; };
		D41829201F9505F300725158 /* Base */ = {isa = PBXFileReference; lastKnownFileType = file.storyboard; name = Base; path = Base.lproj/Main.storyboard; sourceTree = "<group>"; };
		D41829221F9505F300725158 /* Assets.xcassets */ = {isa = PBXFileReference; lastKnownFileType = folder.assetcatalog; path = Assets.xcassets; sourceTree = "<group>"; };
		D41829251F9505F300725158 /* Base */ = {isa = PBXFileReference; lastKnownFileType = file.storyboard; name = Base; path = Base.lproj/LaunchScreen.storyboard; sourceTree = "<group>"; };
		D41829271F9505F300725158 /* Info.plist */ = {isa = PBXFileReference; lastKnownFileType = text.plist.xml; path = Info.plist; sourceTree = "<group>"; };
		D418292C1F9505F300725158 /* UIKitProjectTests.xctest */ = {isa = PBXFileReference; explicitFileType = wrapper.cfbundle; includeInIndex = 0; path = UIKitProjectTests.xctest; sourceTree = BUILT_PRODUCTS_DIR; };
		D41829301F9505F300725158 /* UIKitProjectTests.swift */ = {isa = PBXFileReference; lastKnownFileType = sourcecode.swift; path = UIKitProjectTests.swift; sourceTree = "<group>"; };
		D41829321F9505F300725158 /* Info.plist */ = {isa = PBXFileReference; lastKnownFileType = text.plist.xml; path = Info.plist; sourceTree = "<group>"; };
/* End PBXFileReference section */

/* Begin PBXFrameworksBuildPhase section */
		D41829151F9505F300725158 /* Frameworks */ = {
			isa = PBXFrameworksBuildPhase;
			buildActionMask = 2147483647;
			files = (
			);
			runOnlyForDeploymentPostprocessing = 0;
		};
		D41829291F9505F300725158 /* Frameworks */ = {
			isa = PBXFrameworksBuildPhase;
			buildActionMask = 2147483647;
			files = (
			);
			runOnlyForDeploymentPostprocessing = 0;
		};
/* End PBXFrameworksBuildPhase section */

/* Begin PBXGroup section */
		D418290F1F9505F300725158 = {
			isa = PBXGroup;
			children = (
				D418291A1F9505F300725158 /* UIKitProject */,
				D418292F1F9505F300725158 /* UIKitProjectTests */,
				D41829191F9505F300725158 /* Products */,
			);
			sourceTree = "<group>";
		};
		D41829191F9505F300725158 /* Products */ = {
			isa = PBXGroup;
			children = (
				D41829181F9505F300725158 /* UIKitProject.app */,
				D418292C1F9505F300725158 /* UIKitProjectTests.xctest */,
			);
			name = Products;
			sourceTree = "<group>";
		};
		D418291A1F9505F300725158 /* UIKitProject */ = {
			isa = PBXGroup;
			children = (
				D418291B1F9505F300725158 /* AppDelegate.swift */,
				D418291D1F9505F300725158 /* ViewController.swift */,
				D418291F1F9505F300725158 /* Main.storyboard */,
				D41829221F9505F300725158 /* Assets.xcassets */,
				D41829241F9505F300725158 /* LaunchScreen.storyboard */,
				D41829271F9505F300725158 /* Info.plist */,
			);
			path = UIKitProject;
			sourceTree = "<group>";
		};
		D418292F1F9505F300725158 /* UIKitProjectTests */ = {
			isa = PBXGroup;
			children = (
				D41829301F9505F300725158 /* UIKitProjectTests.swift */,
				D41829321F9505F300725158 /* Info.plist */,
			);
			path = UIKitProjectTests;
			sourceTree = "<group>";
		};
/* End PBXGroup section */

/* Begin PBXNativeTarget section */
		D41829171F9505F300725158 /* UIKitProject */ = {
			isa = PBXNativeTarget;
			buildConfigurationList = D41829351F9505F300725158 /* Build configuration list for PBXNativeTarget "UIKitProject" */;
			buildPhases = (
				D41829141F9505F300725158 /* Sources */,
				D41829151F9505F300725158 /* Frameworks */,
				D41829161F9505F300725158 /* Resources */,
			);
			buildRules = (
			);
			dependencies = (
			);
			name = UIKitProject;
			productName = UIKitProject;
			productReference = D41829181F9505F300725158 /* UIKitProject.app */;
			productType = "com.apple.product-type.application";
		};
		D418292B1F9505F300725158 /* UIKitProjectTests */ = {
			isa = PBXNativeTarget;
			buildConfigurationList = D41829381F9505F300725158 /* Build configuration list for PBXNativeTarget "UIKitProjectTests" */;
			buildPhases = (
				D41829281F9505F300725158 /* Sources */,
				D41829291F9505F300725158 /* Frameworks */,
				D418292A1F9505F300725158 /* Resources */,
			);
			buildRules = (
			);
			dependencies = (
				D418292E1F9505F300725158 /* PBXTargetDependency */,
			);
			name = UIKitProjectTests;
			productName = UIKitProjectTests;
			productReference = D418292C1F9505F300725158 /* UIKitProjectTests.xctest */;
			productType = "com.apple.product-type.bundle.unit-test";
		};
/* End PBXNativeTarget section */

/* Begin PBXProject section */
		D41829101F9505F300725158 /* Project object */ = {
			isa = PBXProject;
			attributes = {
				LastSwiftUpdateCheck = 0900;
				LastUpgradeCheck = 0900;
				ORGANIZATIONNAME = AshleyLucas;
				TargetAttributes = {
					D41829171F9505F300725158 = {
						CreatedOnToolsVersion = 9.0;
						ProvisioningStyle = Automatic;
					};
					D418292B1F9505F300725158 = {
						CreatedOnToolsVersion = 9.0;
						ProvisioningStyle = Automatic;
						TestTargetID = D41829171F9505F300725158;
					};
				};
			};
			buildConfigurationList = D41829131F9505F300725158 /* Build configuration list for PBXProject "UIKitProject" */;
			compatibilityVersion = "Xcode 8.0";
			developmentRegion = en;
			hasScannedForEncodings = 0;
			knownRegions = (
				en,
				Base,
			);
			mainGroup = D418290F1F9505F300725158;
			productRefGroup = D41829191F9505F300725158 /* Products */;
			projectDirPath = "";
			projectRoot = "";
			targets = (
				D41829171F9505F300725158 /* UIKitProject */,
				D418292B1F9505F300725158 /* UIKitProjectTests */,
			);
		};
/* End PBXProject section */

/* Begin PBXResourcesBuildPhase section */
		D41829161F9505F300725158 /* Resources */ = {
			isa = PBXResourcesBuildPhase;
			buildActionMask = 2147483647;
			files = (
				D41829261F9505F300725158 /* LaunchScreen.storyboard in Resources */,
				D41829231F9505F300725158 /* Assets.xcassets in Resources */,
				D41829211F9505F300725158 /* Main.storyboard in Resources */,
			);
			runOnlyForDeploymentPostprocessing = 0;
		};
		D418292A1F9505F300725158 /* Resources */ = {
			isa = PBXResourcesBuildPhase;
			buildActionMask = 2147483647;
			files = (
			);
			runOnlyForDeploymentPostprocessing = 0;
		};
/* End PBXResourcesBuildPhase section */

/* Begin PBXSourcesBuildPhase section */
		D41829141F9505F300725158 /* Sources */ = {
			isa = PBXSourcesBuildPhase;
			buildActionMask = 2147483647;
			files = (
				D418291E1F9505F300725158 /* ViewController.swift in Sources */,
				D418291C1F9505F300725158 /* AppDelegate.swift in Sources */,
			);
			runOnlyForDeploymentPostprocessing = 0;
		};
		D41829281F9505F300725158 /* Sources */ = {
			isa = PBXSourcesBuildPhase;
			buildActionMask = 2147483647;
			files = (
				D41829311F9505F300725158 /* UIKitProjectTests.swift in Sources */,
			);
			runOnlyForDeploymentPostprocessing = 0;
		};
/* End PBXSourcesBuildPhase section */

/* Begin PBXTargetDependency section */
		D418292E1F9505F300725158 /* PBXTargetDependency */ = {
			isa = PBXTargetDependency;
			target = D41829171F9505F300725158 /* UIKitProject */;
			targetProxy = D418292D1F9505F300725158 /* PBXContainerItemProxy */;
		};
/* End PBXTargetDependency section */

/* Begin PBXVariantGroup section */
		D418291F1F9505F300725158 /* Main.storyboard */ = {
			isa = PBXVariantGroup;
			children = (
				D41829201F9505F300725158 /* Base */,
			);
			name = Main.storyboard;
			sourceTree = "<group>";
		};
		D41829241F9505F300725158 /* LaunchScreen.storyboard */ = {
			isa = PBXVariantGroup;
			children = (
				D41829251F9505F300725158 /* Base */,
			);
			name = LaunchScreen.storyboard;
			sourceTree = "<group>";
		};
/* End PBXVariantGroup section */

/* Begin XCBuildConfiguration section */
		D41829331F9505F300725158 /* Debug */ = {
			isa = XCBuildConfiguration;
			buildSettings = {
				ALWAYS_SEARCH_USER_PATHS = NO;
				CLANG_ANALYZER_NONNULL = YES;
				CLANG_ANALYZER_NUMBER_OBJECT_CONVERSION = YES_AGGRESSIVE;
				CLANG_CXX_LANGUAGE_STANDARD = "gnu++14";
				CLANG_CXX_LIBRARY = "libc++";
				CLANG_ENABLE_MODULES = YES;
				CLANG_ENABLE_OBJC_ARC = YES;
				CLANG_WARN_BLOCK_CAPTURE_AUTORELEASING = YES;
				CLANG_WARN_BOOL_CONVERSION = YES;
				CLANG_WARN_COMMA = YES;
				CLANG_WARN_CONSTANT_CONVERSION = YES;
				CLANG_WARN_DIRECT_OBJC_ISA_USAGE = YES_ERROR;
				CLANG_WARN_DOCUMENTATION_COMMENTS = YES;
				CLANG_WARN_EMPTY_BODY = YES;
				CLANG_WARN_ENUM_CONVERSION = YES;
				CLANG_WARN_INFINITE_RECURSION = YES;
				CLANG_WARN_INT_CONVERSION = YES;
				CLANG_WARN_NON_LITERAL_NULL_CONVERSION = YES;
				CLANG_WARN_OBJC_LITERAL_CONVERSION = YES;
				CLANG_WARN_OBJC_ROOT_CLASS = YES_ERROR;
				CLANG_WARN_RANGE_LOOP_ANALYSIS = YES;
				CLANG_WARN_STRICT_PROTOTYPES = YES;
				CLANG_WARN_SUSPICIOUS_MOVE = YES;
				CLANG_WARN_UNGUARDED_AVAILABILITY = YES_AGGRESSIVE;
				CLANG_WARN_UNREACHABLE_CODE = YES;
				CLANG_WARN__DUPLICATE_METHOD_MATCH = YES;
				CODE_SIGN_IDENTITY = "iPhone Developer";
				COPY_PHASE_STRIP = NO;
				DEBUG_INFORMATION_FORMAT = dwarf;
				ENABLE_STRICT_OBJC_MSGSEND = YES;
				ENABLE_TESTABILITY = YES;
				GCC_C_LANGUAGE_STANDARD = gnu11;
				GCC_DYNAMIC_NO_PIC = NO;
				GCC_NO_COMMON_BLOCKS = YES;
				GCC_OPTIMIZATION_LEVEL = 0;
				GCC_PREPROCESSOR_DEFINITIONS = (
					"DEBUG=1",
					"$(inherited)",
				);
				GCC_WARN_64_TO_32_BIT_CONVERSION = YES;
				GCC_WARN_ABOUT_RETURN_TYPE = YES_ERROR;
				GCC_WARN_UNDECLARED_SELECTOR = YES;
				GCC_WARN_UNINITIALIZED_AUTOS = YES_AGGRESSIVE;
				GCC_WARN_UNUSED_FUNCTION = YES;
				GCC_WARN_UNUSED_VARIABLE = YES;
				IPHONEOS_DEPLOYMENT_TARGET = 11.0;
				MTL_ENABLE_DEBUG_INFO = YES;
				ONLY_ACTIVE_ARCH = YES;
				SDKROOT = iphoneos;
				SWIFT_ACTIVE_COMPILATION_CONDITIONS = DEBUG;
				SWIFT_OPTIMIZATION_LEVEL = "-Onone";
			};
			name = Debug;
		};
		D41829341F9505F300725158 /* Release */ = {
			isa = XCBuildConfiguration;
			buildSettings = {
				ALWAYS_SEARCH_USER_PATHS = NO;
				CLANG_ANALYZER_NONNULL = YES;
				CLANG_ANALYZER_NUMBER_OBJECT_CONVERSION = YES_AGGRESSIVE;
				CLANG_CXX_LANGUAGE_STANDARD = "gnu++14";
				CLANG_CXX_LIBRARY = "libc++";
				CLANG_ENABLE_MODULES = YES;
				CLANG_ENABLE_OBJC_ARC = YES;
				CLANG_WARN_BLOCK_CAPTURE_AUTORELEASING = YES;
				CLANG_WARN_BOOL_CONVERSION = YES;
				CLANG_WARN_COMMA = YES;
				CLANG_WARN_CONSTANT_CONVERSION = YES;
				CLANG_WARN_DIRECT_OBJC_ISA_USAGE = YES_ERROR;
				CLANG_WARN_DOCUMENTATION_COMMENTS = YES;
				CLANG_WARN_EMPTY_BODY = YES;
				CLANG_WARN_ENUM_CONVERSION = YES;
				CLANG_WARN_INFINITE_RECURSION = YES;
				CLANG_WARN_INT_CONVERSION = YES;
				CLANG_WARN_NON_LITERAL_NULL_CONVERSION = YES;
				CLANG_WARN_OBJC_LITERAL_CONVERSION = YES;
				CLANG_WARN_OBJC_ROOT_CLASS = YES_ERROR;
				CLANG_WARN_RANGE_LOOP_ANALYSIS = YES;
				CLANG_WARN_STRICT_PROTOTYPES = YES;
				CLANG_WARN_SUSPICIOUS_MOVE = YES;
				CLANG_WARN_UNGUARDED_AVAILABILITY = YES_AGGRESSIVE;
				CLANG_WARN_UNREACHABLE_CODE = YES;
				CLANG_WARN__DUPLICATE_METHOD_MATCH = YES;
				CODE_SIGN_IDENTITY = "iPhone Developer";
				COPY_PHASE_STRIP = NO;
				DEBUG_INFORMATION_FORMAT = "dwarf-with-dsym";
				ENABLE_NS_ASSERTIONS = NO;
				ENABLE_STRICT_OBJC_MSGSEND = YES;
				GCC_C_LANGUAGE_STANDARD = gnu11;
				GCC_NO_COMMON_BLOCKS = YES;
				GCC_WARN_64_TO_32_BIT_CONVERSION = YES;
				GCC_WARN_ABOUT_RETURN_TYPE = YES_ERROR;
				GCC_WARN_UNDECLARED_SELECTOR = YES;
				GCC_WARN_UNINITIALIZED_AUTOS = YES_AGGRESSIVE;
				GCC_WARN_UNUSED_FUNCTION = YES;
				GCC_WARN_UNUSED_VARIABLE = YES;
				IPHONEOS_DEPLOYMENT_TARGET = 11.0;
				MTL_ENABLE_DEBUG_INFO = NO;
				SDKROOT = iphoneos;
				SWIFT_OPTIMIZATION_LEVEL = "-Owholemodule";
				VALIDATE_PRODUCT = YES;
			};
			name = Release;
		};
		D41829361F9505F300725158 /* Debug */ = {
			isa = XCBuildConfiguration;
			buildSettings = {
				ASSETCATALOG_COMPILER_APPICON_NAME = AppIcon;
				CODE_SIGN_STYLE = Automatic;
				INFOPLIST_FILE = UIKitProject/Info.plist;
				LD_RUNPATH_SEARCH_PATHS = "$(inherited) @executable_path/Frameworks";
				PRODUCT_BUNDLE_IDENTIFIER = com.AshleyLucas.UIKitProject;
				PRODUCT_NAME = "$(TARGET_NAME)";
				SWIFT_VERSION = 4.0;
				TARGETED_DEVICE_FAMILY = "1,2";
			};
			name = Debug;
		};
		D41829371F9505F300725158 /* Release */ = {
			isa = XCBuildConfiguration;
			buildSettings = {
				ASSETCATALOG_COMPILER_APPICON_NAME = AppIcon;
				CODE_SIGN_STYLE = Automatic;
				INFOPLIST_FILE = UIKitProject/Info.plist;
				LD_RUNPATH_SEARCH_PATHS = "$(inherited) @executable_path/Frameworks";
				PRODUCT_BUNDLE_IDENTIFIER = com.AshleyLucas.UIKitProject;
				PRODUCT_NAME = "$(TARGET_NAME)";
				SWIFT_VERSION = 4.0;
				TARGETED_DEVICE_FAMILY = "1,2";
			};
			name = Release;
		};
		D41829391F9505F300725158 /* Debug */ = {
			isa = XCBuildConfiguration;
			buildSettings = {
				ALWAYS_EMBED_SWIFT_STANDARD_LIBRARIES = YES;
				BUNDLE_LOADER = "$(TEST_HOST)";
				CODE_SIGN_STYLE = Automatic;
				INFOPLIST_FILE = UIKitProjectTests/Info.plist;
				LD_RUNPATH_SEARCH_PATHS = "$(inherited) @executable_path/Frameworks @loader_path/Frameworks";
				PRODUCT_BUNDLE_IDENTIFIER = com.AshleyLucas.UIKitProjectTests;
				PRODUCT_NAME = "$(TARGET_NAME)";
				SWIFT_VERSION = 4.0;
				TARGETED_DEVICE_FAMILY = "1,2";
				TEST_HOST = "$(BUILT_PRODUCTS_DIR)/UIKitProject.app/UIKitProject";
			};
			name = Debug;
		};
		D418293A1F9505F300725158 /* Release */ = {
			isa = XCBuildConfiguration;
			buildSettings = {
				ALWAYS_EMBED_SWIFT_STANDARD_LIBRARIES = YES;
				BUNDLE_LOADER = "$(TEST_HOST)";
				CODE_SIGN_STYLE = Automatic;
				INFOPLIST_FILE = UIKitProjectTests/Info.plist;
				LD_RUNPATH_SEARCH_PATHS = "$(inherited) @executable_path/Frameworks @loader_path/Frameworks";
				PRODUCT_BUNDLE_IDENTIFIER = com.AshleyLucas.UIKitProjectTests;
				PRODUCT_NAME = "$(TARGET_NAME)";
				SWIFT_VERSION = 4.0;
				TARGETED_DEVICE_FAMILY = "1,2";
				TEST_HOST = "$(BUILT_PRODUCTS_DIR)/UIKitProject.app/UIKitProject";
			};
			name = Release;
		};
/* End XCBuildConfiguration section */

/* Begin XCConfigurationList section */
		D41829131F9505F300725158 /* Build configuration list for PBXProject "UIKitProject" */ = {
			isa = XCConfigurationList;
			buildConfigurations = (
				D41829331F9505F300725158 /* Debug */,
				D41829341F9505F300725158 /* Release */,
			);
			defaultConfigurationIsVisible = 0;
			defaultConfigurationName = Release;
		};
		D41829351F9505F300725158 /* Build configuration list for PBXNativeTarget "UIKitProject" */ = {
			isa = XCConfigurationList;
			buildConfigurations = (
				D41829361F9505F300725158 /* Debug */,
				D41829371F9505F300725158 /* Release */,
			);
			defaultConfigurationIsVisible = 0;
			defaultConfigurationName = Release;
		};
		D41829381F9505F300725158 /* Build configuration list for PBXNativeTarget "UIKitProjectTests" */ = {
			isa = XCConfigurationList;
			buildConfigurations = (
				D41829391F9505F300725158 /* Debug */,
				D418293A1F9505F300725158 /* Release */,
			);
			defaultConfigurationIsVisible = 0;
			defaultConfigurationName = Release;
		};
/* End XCConfigurationList section */
	};
	rootObject = D41829101F9505F300725158 /* Project object */;
}
