// !$*UTF8*$!
{
	archiveVersion = 1;
	classes = {
	};
	objectVersion = 48;
	objects = {

/* Begin PBXBuildFile section */
		DE48EB541FD3B29D00FD8840 /* AppDelegate.swift in Sources */ = {isa = PBXBuildFile; fileRef = DE48EB531FD3B29D00FD8840 /* AppDelegate.swift */; };
		DE48EB561FD3B29D00FD8840 /* ViewController.swift in Sources */ = {isa = PBXBuildFile; fileRef = DE48EB551FD3B29D00FD8840 /* ViewController.swift */; };
		DE48EB591FD3B29D00FD8840 /* Main.storyboard in Resources */ = {isa = PBXBuildFile; fileRef = DE48EB571FD3B29D00FD8840 /* Main.storyboard */; };
		DE48EB5B1FD3B29D00FD8840 /* Assets.xcassets in Resources */ = {isa = PBXBuildFile; fileRef = DE48EB5A1FD3B29D00FD8840 /* Assets.xcassets */; };
		DE48EB5E1FD3B29D00FD8840 /* LaunchScreen.storyboard in Resources */ = {isa = PBXBuildFile; fileRef = DE48EB5C1FD3B29D00FD8840 /* LaunchScreen.storyboard */; };
/* End PBXBuildFile section */

/* Begin PBXFileReference section */
		DE48EB501FD3B29D00FD8840 /* uiTest.app */ = {isa = PBXFileReference; explicitFileType = wrapper.application; includeInIndex = 0; path = uiTest.app; sourceTree = BUILT_PRODUCTS_DIR; };
		DE48EB531FD3B29D00FD8840 /* AppDelegate.swift */ = {isa = PBXFileReference; lastKnownFileType = sourcecode.swift; path = AppDelegate.swift; sourceTree = "<group>"; };
		DE48EB551FD3B29D00FD8840 /* ViewController.swift */ = {isa = PBXFileReference; lastKnownFileType = sourcecode.swift; path = ViewController.swift; sourceTree = "<group>"; };
		DE48EB581FD3B29D00FD8840 /* Base */ = {isa = PBXFileReference; lastKnownFileType = file.storyboard; name = Base; path = Base.lproj/Main.storyboard; sourceTree = "<group>"; };
		DE48EB5A1FD3B29D00FD8840 /* Assets.xcassets */ = {isa = PBXFileReference; lastKnownFileType = folder.assetcatalog; path = Assets.xcassets; sourceTree = "<group>"; };
		DE48EB5D1FD3B29D00FD8840 /* Base */ = {isa = PBXFileReference; lastKnownFileType = file.storyboard; name = Base; path = Base.lproj/LaunchScreen.storyboard; sourceTree = "<group>"; };
		DE48EB5F1FD3B29D00FD8840 /* Info.plist */ = {isa = PBXFileReference; lastKnownFileType = text.plist.xml; path = Info.plist; sourceTree = "<group>"; };
/* End PBXFileReference section */

/* Begin PBXFrameworksBuildPhase section */
		DE48EB4D1FD3B29D00FD8840 /* Frameworks */ = {
			isa = PBXFrameworksBuildPhase;
			buildActionMask = 2147483647;
			files = (
			);
			runOnlyForDeploymentPostprocessing = 0;
		};
/* End PBXFrameworksBuildPhase section */

/* Begin PBXGroup section */
		DE48EB471FD3B29D00FD8840 = {
			isa = PBXGroup;
			children = (
				DE48EB521FD3B29D00FD8840 /* uiTest */,
				DE48EB511FD3B29D00FD8840 /* Products */,
			);
			sourceTree = "<group>";
		};
		DE48EB511FD3B29D00FD8840 /* Products */ = {
			isa = PBXGroup;
			children = (
				DE48EB501FD3B29D00FD8840 /* uiTest.app */,
			);
			name = Products;
			sourceTree = "<group>";
		};
		DE48EB521FD3B29D00FD8840 /* uiTest */ = {
			isa = PBXGroup;
			children = (
				DE48EB531FD3B29D00FD8840 /* AppDelegate.swift */,
				DE48EB551FD3B29D00FD8840 /* ViewController.swift */,
				DE48EB571FD3B29D00FD8840 /* Main.storyboard */,
				DE48EB5A1FD3B29D00FD8840 /* Assets.xcassets */,
				DE48EB5C1FD3B29D00FD8840 /* LaunchScreen.storyboard */,
				DE48EB5F1FD3B29D00FD8840 /* Info.plist */,
			);
			path = uiTest;
			sourceTree = "<group>";
		};
/* End PBXGroup section */

/* Begin PBXNativeTarget section */
		DE48EB4F1FD3B29D00FD8840 /* uiTest */ = {
			isa = PBXNativeTarget;
			buildConfigurationList = DE48EB621FD3B29D00FD8840 /* Build configuration list for PBXNativeTarget "uiTest" */;
			buildPhases = (
				DE48EB4C1FD3B29D00FD8840 /* Sources */,
				DE48EB4D1FD3B29D00FD8840 /* Frameworks */,
				DE48EB4E1FD3B29D00FD8840 /* Resources */,
			);
			buildRules = (
			);
			dependencies = (
			);
			name = uiTest;
			productName = uiTest;
			productReference = DE48EB501FD3B29D00FD8840 /* uiTest.app */;
			productType = "com.apple.product-type.application";
		};
/* End PBXNativeTarget section */

/* Begin PBXProject section */
		DE48EB481FD3B29D00FD8840 /* Project object */ = {
			isa = PBXProject;
			attributes = {
				LastSwiftUpdateCheck = 0910;
				LastUpgradeCheck = 0910;
				ORGANIZATIONNAME = "Luis Romo";
				TargetAttributes = {
					DE48EB4F1FD3B29D00FD8840 = {
						CreatedOnToolsVersion = 9.1;
						ProvisioningStyle = Automatic;
					};
				};
			};
			buildConfigurationList = DE48EB4B1FD3B29D00FD8840 /* Build configuration list for PBXProject "uiTest" */;
			compatibilityVersion = "Xcode 8.0";
			developmentRegion = en;
			hasScannedForEncodings = 0;
			knownRegions = (
				en,
				Base,
			);
			mainGroup = DE48EB471FD3B29D00FD8840;
			productRefGroup = DE48EB511FD3B29D00FD8840 /* Products */;
			projectDirPath = "";
			projectRoot = "";
			targets = (
				DE48EB4F1FD3B29D00FD8840 /* uiTest */,
			);
		};
/* End PBXProject section */

/* Begin PBXResourcesBuildPhase section */
		DE48EB4E1FD3B29D00FD8840 /* Resources */ = {
			isa = PBXResourcesBuildPhase;
			buildActionMask = 2147483647;
			files = (
				DE48EB5E1FD3B29D00FD8840 /* LaunchScreen.storyboard in Resources */,
				DE48EB5B1FD3B29D00FD8840 /* Assets.xcassets in Resources */,
				DE48EB591FD3B29D00FD8840 /* Main.storyboard in Resources */,
			);
			runOnlyForDeploymentPostprocessing = 0;
		};
/* End PBXResourcesBuildPhase section */

/* Begin PBXSourcesBuildPhase section */
		DE48EB4C1FD3B29D00FD8840 /* Sources */ = {
			isa = PBXSourcesBuildPhase;
			buildActionMask = 2147483647;
			files = (
				DE48EB561FD3B29D00FD8840 /* ViewController.swift in Sources */,
				DE48EB541FD3B29D00FD8840 /* AppDelegate.swift in Sources */,
			);
			runOnlyForDeploymentPostprocessing = 0;
		};
/* End PBXSourcesBuildPhase section */

/* Begin PBXVariantGroup section */
		DE48EB571FD3B29D00FD8840 /* Main.storyboard */ = {
			isa = PBXVariantGroup;
			children = (
				DE48EB581FD3B29D00FD8840 /* Base */,
			);
			name = Main.storyboard;
			sourceTree = "<group>";
		};
		DE48EB5C1FD3B29D00FD8840 /* LaunchScreen.storyboard */ = {
			isa = PBXVariantGroup;
			children = (
				DE48EB5D1FD3B29D00FD8840 /* Base */,
			);
			name = LaunchScreen.storyboard;
			sourceTree = "<group>";
		};
/* End PBXVariantGroup section */

/* Begin XCBuildConfiguration section */
		DE48EB601FD3B29D00FD8840 /* Debug */ = {
			isa = XCBuildConfiguration;
			buildSettings = {
				ALWAYS_SEARCH_USER_PATHS = NO;
				CLANG_ANALYZER_NONNULL = YES;
				CLANG_ANALYZER_NUMBER_OBJECT_CONVERSION = YES_AGGRESSIVE;
				CLANG_CXX_LANGUAGE_STANDARD = "gnu++14";
				CLANG_CXX_LIBRARY = "libc++";
				CLANG_ENABLE_MODULES = YES;
				CLANG_ENABLE_OBJC_ARC = YES;
				CLANG_WARN_BLOCK_CAPTURE_AUTORELEASING = YES;
				CLANG_WARN_BOOL_CONVERSION = YES;
				CLANG_WARN_COMMA = YES;
				CLANG_WARN_CONSTANT_CONVERSION = YES;
				CLANG_WARN_DIRECT_OBJC_ISA_USAGE = YES_ERROR;
				CLANG_WARN_DOCUMENTATION_COMMENTS = YES;
				CLANG_WARN_EMPTY_BODY = YES;
				CLANG_WARN_ENUM_CONVERSION = YES;
				CLANG_WARN_INFINITE_RECURSION = YES;
				CLANG_WARN_INT_CONVERSION = YES;
				CLANG_WARN_NON_LITERAL_NULL_CONVERSION = YES;
				CLANG_WARN_OBJC_LITERAL_CONVERSION = YES;
				CLANG_WARN_OBJC_ROOT_CLASS = YES_ERROR;
				CLANG_WARN_RANGE_LOOP_ANALYSIS = YES;
				CLANG_WARN_STRICT_PROTOTYPES = YES;
				CLANG_WARN_SUSPICIOUS_MOVE = YES;
				CLANG_WARN_UNGUARDED_AVAILABILITY = YES_AGGRESSIVE;
				CLANG_WARN_UNREACHABLE_CODE = YES;
				CLANG_WARN__DUPLICATE_METHOD_MATCH = YES;
				CODE_SIGN_IDENTITY = "iPhone Developer";
				COPY_PHASE_STRIP = NO;
				DEBUG_INFORMATION_FORMAT = dwarf;
				ENABLE_STRICT_OBJC_MSGSEND = YES;
				ENABLE_TESTABILITY = YES;
				GCC_C_LANGUAGE_STANDARD = gnu11;
				GCC_DYNAMIC_NO_PIC = NO;
				GCC_NO_COMMON_BLOCKS = YES;
				GCC_OPTIMIZATION_LEVEL = 0;
				GCC_PREPROCESSOR_DEFINITIONS = (
					"DEBUG=1",
					"$(inherited)",
				);
				GCC_WARN_64_TO_32_BIT_CONVERSION = YES;
				GCC_WARN_ABOUT_RETURN_TYPE = YES_ERROR;
				GCC_WARN_UNDECLARED_SELECTOR = YES;
				GCC_WARN_UNINITIALIZED_AUTOS = YES_AGGRESSIVE;
				GCC_WARN_UNUSED_FUNCTION = YES;
				GCC_WARN_UNUSED_VARIABLE = YES;
				IPHONEOS_DEPLOYMENT_TARGET = 11.1;
				MTL_ENABLE_DEBUG_INFO = YES;
				ONLY_ACTIVE_ARCH = YES;
				SDKROOT = iphoneos;
				SWIFT_ACTIVE_COMPILATION_CONDITIONS = DEBUG;
				SWIFT_OPTIMIZATION_LEVEL = "-Onone";
			};
			name = Debug;
		};
		DE48EB611FD3B29D00FD8840 /* Release */ = {
			isa = XCBuildConfiguration;
			buildSettings = {
				ALWAYS_SEARCH_USER_PATHS = NO;
				CLANG_ANALYZER_NONNULL = YES;
				CLANG_ANALYZER_NUMBER_OBJECT_CONVERSION = YES_AGGRESSIVE;
				CLANG_CXX_LANGUAGE_STANDARD = "gnu++14";
				CLANG_CXX_LIBRARY = "libc++";
				CLANG_ENABLE_MODULES = YES;
				CLANG_ENABLE_OBJC_ARC = YES;
				CLANG_WARN_BLOCK_CAPTURE_AUTORELEASING = YES;
				CLANG_WARN_BOOL_CONVERSION = YES;
				CLANG_WARN_COMMA = YES;
				CLANG_WARN_CONSTANT_CONVERSION = YES;
				CLANG_WARN_DIRECT_OBJC_ISA_USAGE = YES_ERROR;
				CLANG_WARN_DOCUMENTATION_COMMENTS = YES;
				CLANG_WARN_EMPTY_BODY = YES;
				CLANG_WARN_ENUM_CONVERSION = YES;
				CLANG_WARN_INFINITE_RECURSION = YES;
				CLANG_WARN_INT_CONVERSION = YES;
				CLANG_WARN_NON_LITERAL_NULL_CONVERSION = YES;
				CLANG_WARN_OBJC_LITERAL_CONVERSION = YES;
				CLANG_WARN_OBJC_ROOT_CLASS = YES_ERROR;
				CLANG_WARN_RANGE_LOOP_ANALYSIS = YES;
				CLANG_WARN_STRICT_PROTOTYPES = YES;
				CLANG_WARN_SUSPICIOUS_MOVE = YES;
				CLANG_WARN_UNGUARDED_AVAILABILITY = YES_AGGRESSIVE;
				CLANG_WARN_UNREACHABLE_CODE = YES;
				CLANG_WARN__DUPLICATE_METHOD_MATCH = YES;
				CODE_SIGN_IDENTITY = "iPhone Developer";
				COPY_PHASE_STRIP = NO;
				DEBUG_INFORMATION_FORMAT = "dwarf-with-dsym";
				ENABLE_NS_ASSERTIONS = NO;
				ENABLE_STRICT_OBJC_MSGSEND = YES;
				GCC_C_LANGUAGE_STANDARD = gnu11;
				GCC_NO_COMMON_BLOCKS = YES;
				GCC_WARN_64_TO_32_BIT_CONVERSION = YES;
				GCC_WARN_ABOUT_RETURN_TYPE = YES_ERROR;
				GCC_WARN_UNDECLARED_SELECTOR = YES;
				GCC_WARN_UNINITIALIZED_AUTOS = YES_AGGRESSIVE;
				GCC_WARN_UNUSED_FUNCTION = YES;
				GCC_WARN_UNUSED_VARIABLE = YES;
				IPHONEOS_DEPLOYMENT_TARGET = 11.1;
				MTL_ENABLE_DEBUG_INFO = NO;
				SDKROOT = iphoneos;
				SWIFT_OPTIMIZATION_LEVEL = "-Owholemodule";
				VALIDATE_PRODUCT = YES;
			};
			name = Release;
		};
		DE48EB631FD3B29D00FD8840 /* Debug */ = {
			isa = XCBuildConfiguration;
			buildSettings = {
				ASSETCATALOG_COMPILER_APPICON_NAME = AppIcon;
				CODE_SIGN_STYLE = Automatic;
				DEVELOPMENT_TEAM = 75G2GVK36D;
				INFOPLIST_FILE = uiTest/Info.plist;
				LD_RUNPATH_SEARCH_PATHS = "$(inherited) @executable_path/Frameworks";
				PRODUCT_BUNDLE_IDENTIFIER = luisromo.uiTest;
				PRODUCT_NAME = "$(TARGET_NAME)";
				SWIFT_VERSION = 4.0;
				TARGETED_DEVICE_FAMILY = "1,2";
			};
			name = Debug;
		};
		DE48EB641FD3B29D00FD8840 /* Release */ = {
			isa = XCBuildConfiguration;
			buildSettings = {
				ASSETCATALOG_COMPILER_APPICON_NAME = AppIcon;
				CODE_SIGN_STYLE = Automatic;
				DEVELOPMENT_TEAM = 75G2GVK36D;
				INFOPLIST_FILE = uiTest/Info.plist;
				LD_RUNPATH_SEARCH_PATHS = "$(inherited) @executable_path/Frameworks";
				PRODUCT_BUNDLE_IDENTIFIER = luisromo.uiTest;
				PRODUCT_NAME = "$(TARGET_NAME)";
				SWIFT_VERSION = 4.0;
				TARGETED_DEVICE_FAMILY = "1,2";
			};
			name = Release;
		};
/* End XCBuildConfiguration section */

/* Begin XCConfigurationList section */
		DE48EB4B1FD3B29D00FD8840 /* Build configuration list for PBXProject "uiTest" */ = {
			isa = XCConfigurationList;
			buildConfigurations = (
				DE48EB601FD3B29D00FD8840 /* Debug */,
				DE48EB611FD3B29D00FD8840 /* Release */,
			);
			defaultConfigurationIsVisible = 0;
			defaultConfigurationName = Release;
		};
		DE48EB621FD3B29D00FD8840 /* Build configuration list for PBXNativeTarget "uiTest" */ = {
			isa = XCConfigurationList;
			buildConfigurations = (
				DE48EB631FD3B29D00FD8840 /* Debug */,
				DE48EB641FD3B29D00FD8840 /* Release */,
			);
			defaultConfigurationIsVisible = 0;
			defaultConfigurationName = Release;
		};
/* End XCConfigurationList section */
	};
	rootObject = DE48EB481FD3B29D00FD8840 /* Project object */;
}
