// !$*UTF8*$!
{
	archiveVersion = 1;
	classes = {
	};
	objectVersion = 46;
	objects = {

/* Begin PBXBuildFile section */
		3250A7751DAE86AB00CE32AD /* AppDelegate.swift in Sources */ = {isa = PBXBuildFile; fileRef = 3250A7741DAE86AB00CE32AD /* AppDelegate.swift */; };
		3250A7771DAE86AB00CE32AD /* ViewController.swift in Sources */ = {isa = PBXBuildFile; fileRef = 3250A7761DAE86AB00CE32AD /* ViewController.swift */; };
		3250A77A1DAE86AB00CE32AD /* Main.storyboard in Resources */ = {isa = PBXBuildFile; fileRef = 3250A7781DAE86AB00CE32AD /* Main.storyboard */; };
		3250A77C1DAE86AB00CE32AD /* Assets.xcassets in Resources */ = {isa = PBXBuildFile; fileRef = 3250A77B1DAE86AB00CE32AD /* Assets.xcassets */; };
		3250A77F1DAE86AB00CE32AD /* LaunchScreen.storyboard in Resources */ = {isa = PBXBuildFile; fileRef = 3250A77D1DAE86AB00CE32AD /* LaunchScreen.storyboard */; };
/* End PBXBuildFile section */

/* Begin PBXFileReference section */
		3250A7711DAE86AB00CE32AD /* ui-elements.app */ = {isa = PBXFileReference; explicitFileType = wrapper.application; includeInIndex = 0; path = "ui-elements.app"; sourceTree = BUILT_PRODUCTS_DIR; };
		3250A7741DAE86AB00CE32AD /* AppDelegate.swift */ = {isa = PBXFileReference; lastKnownFileType = sourcecode.swift; path = AppDelegate.swift; sourceTree = "<group>"; };
		3250A7761DAE86AB00CE32AD /* ViewController.swift */ = {isa = PBXFileReference; lastKnownFileType = sourcecode.swift; path = ViewController.swift; sourceTree = "<group>"; };
		3250A7791DAE86AB00CE32AD /* Base */ = {isa = PBXFileReference; lastKnownFileType = file.storyboard; name = Base; path = Base.lproj/Main.storyboard; sourceTree = "<group>"; };
		3250A77B1DAE86AB00CE32AD /* Assets.xcassets */ = {isa = PBXFileReference; lastKnownFileType = folder.assetcatalog; path = Assets.xcassets; sourceTree = "<group>"; };
		3250A77E1DAE86AB00CE32AD /* Base */ = {isa = PBXFileReference; lastKnownFileType = file.storyboard; name = Base; path = Base.lproj/LaunchScreen.storyboard; sourceTree = "<group>"; };
		3250A7801DAE86AB00CE32AD /* Info.plist */ = {isa = PBXFileReference; lastKnownFileType = text.plist.xml; path = Info.plist; sourceTree = "<group>"; };
/* End PBXFileReference section */

/* Begin PBXFrameworksBuildPhase section */
		3250A76E1DAE86AB00CE32AD /* Frameworks */ = {
			isa = PBXFrameworksBuildPhase;
			buildActionMask = 2147483647;
			files = (
			);
			runOnlyForDeploymentPostprocessing = 0;
		};
/* End PBXFrameworksBuildPhase section */

/* Begin PBXGroup section */
		3250A7681DAE86AB00CE32AD = {
			isa = PBXGroup;
			children = (
				3250A7731DAE86AB00CE32AD /* ui-elements */,
				3250A7721DAE86AB00CE32AD /* Products */,
			);
			sourceTree = "<group>";
		};
		3250A7721DAE86AB00CE32AD /* Products */ = {
			isa = PBXGroup;
			children = (
				3250A7711DAE86AB00CE32AD /* ui-elements.app */,
			);
			name = Products;
			sourceTree = "<group>";
		};
		3250A7731DAE86AB00CE32AD /* ui-elements */ = {
			isa = PBXGroup;
			children = (
				3250A7741DAE86AB00CE32AD /* AppDelegate.swift */,
				3250A7761DAE86AB00CE32AD /* ViewController.swift */,
				3250A7781DAE86AB00CE32AD /* Main.storyboard */,
				3250A77B1DAE86AB00CE32AD /* Assets.xcassets */,
				3250A77D1DAE86AB00CE32AD /* LaunchScreen.storyboard */,
				3250A7801DAE86AB00CE32AD /* Info.plist */,
			);
			path = "ui-elements";
			sourceTree = "<group>";
		};
/* End PBXGroup section */

/* Begin PBXNativeTarget section */
		3250A7701DAE86AB00CE32AD /* ui-elements */ = {
			isa = PBXNativeTarget;
			buildConfigurationList = 3250A7831DAE86AB00CE32AD /* Build configuration list for PBXNativeTarget "ui-elements" */;
			buildPhases = (
				3250A76D1DAE86AB00CE32AD /* Sources */,
				3250A76E1DAE86AB00CE32AD /* Frameworks */,
				3250A76F1DAE86AB00CE32AD /* Resources */,
			);
			buildRules = (
			);
			dependencies = (
			);
			name = "ui-elements";
			productName = "ui-elements";
			productReference = 3250A7711DAE86AB00CE32AD /* ui-elements.app */;
			productType = "com.apple.product-type.application";
		};
/* End PBXNativeTarget section */

/* Begin PBXProject section */
		3250A7691DAE86AB00CE32AD /* Project object */ = {
			isa = PBXProject;
			attributes = {
				LastSwiftUpdateCheck = 0800;
				LastUpgradeCheck = 0800;
				ORGANIZATIONNAME = "gnd apps";
				TargetAttributes = {
					3250A7701DAE86AB00CE32AD = {
						CreatedOnToolsVersion = 8.0;
						ProvisioningStyle = Automatic;
					};
				};
			};
			buildConfigurationList = 3250A76C1DAE86AB00CE32AD /* Build configuration list for PBXProject "ui-elements" */;
			compatibilityVersion = "Xcode 3.2";
			developmentRegion = English;
			hasScannedForEncodings = 0;
			knownRegions = (
				en,
				Base,
			);
			mainGroup = 3250A7681DAE86AB00CE32AD;
			productRefGroup = 3250A7721DAE86AB00CE32AD /* Products */;
			projectDirPath = "";
			projectRoot = "";
			targets = (
				3250A7701DAE86AB00CE32AD /* ui-elements */,
			);
		};
/* End PBXProject section */

/* Begin PBXResourcesBuildPhase section */
		3250A76F1DAE86AB00CE32AD /* Resources */ = {
			isa = PBXResourcesBuildPhase;
			buildActionMask = 2147483647;
			files = (
				3250A77F1DAE86AB00CE32AD /* LaunchScreen.storyboard in Resources */,
				3250A77C1DAE86AB00CE32AD /* Assets.xcassets in Resources */,
				3250A77A1DAE86AB00CE32AD /* Main.storyboard in Resources */,
			);
			runOnlyForDeploymentPostprocessing = 0;
		};
/* End PBXResourcesBuildPhase section */

/* Begin PBXSourcesBuildPhase section */
		3250A76D1DAE86AB00CE32AD /* Sources */ = {
			isa = PBXSourcesBuildPhase;
			buildActionMask = 2147483647;
			files = (
				3250A7771DAE86AB00CE32AD /* ViewController.swift in Sources */,
				3250A7751DAE86AB00CE32AD /* AppDelegate.swift in Sources */,
			);
			runOnlyForDeploymentPostprocessing = 0;
		};
/* End PBXSourcesBuildPhase section */

/* Begin PBXVariantGroup section */
		3250A7781DAE86AB00CE32AD /* Main.storyboard */ = {
			isa = PBXVariantGroup;
			children = (
				3250A7791DAE86AB00CE32AD /* Base */,
			);
			name = Main.storyboard;
			sourceTree = "<group>";
		};
		3250A77D1DAE86AB00CE32AD /* LaunchScreen.storyboard */ = {
			isa = PBXVariantGroup;
			children = (
				3250A77E1DAE86AB00CE32AD /* Base */,
			);
			name = LaunchScreen.storyboard;
			sourceTree = "<group>";
		};
/* End PBXVariantGroup section */

/* Begin XCBuildConfiguration section */
		3250A7811DAE86AB00CE32AD /* Debug */ = {
			isa = XCBuildConfiguration;
			buildSettings = {
				ALWAYS_SEARCH_USER_PATHS = NO;
				CLANG_ANALYZER_NONNULL = YES;
				CLANG_CXX_LANGUAGE_STANDARD = "gnu++0x";
				CLANG_CXX_LIBRARY = "libc++";
				CLANG_ENABLE_MODULES = YES;
				CLANG_ENABLE_OBJC_ARC = YES;
				CLANG_WARN_BOOL_CONVERSION = YES;
				CLANG_WARN_CONSTANT_CONVERSION = YES;
				CLANG_WARN_DIRECT_OBJC_ISA_USAGE = YES_ERROR;
				CLANG_WARN_DOCUMENTATION_COMMENTS = YES;
				CLANG_WARN_EMPTY_BODY = YES;
				CLANG_WARN_ENUM_CONVERSION = YES;
				CLANG_WARN_INFINITE_RECURSION = YES;
				CLANG_WARN_INT_CONVERSION = YES;
				CLANG_WARN_OBJC_ROOT_CLASS = YES_ERROR;
				CLANG_WARN_SUSPICIOUS_MOVES = YES;
				CLANG_WARN_UNREACHABLE_CODE = YES;
				CLANG_WARN__DUPLICATE_METHOD_MATCH = YES;
				"CODE_SIGN_IDENTITY[sdk=iphoneos*]" = "iPhone Developer";
				COPY_PHASE_STRIP = NO;
				DEBUG_INFORMATION_FORMAT = dwarf;
				ENABLE_STRICT_OBJC_MSGSEND = YES;
				ENABLE_TESTABILITY = YES;
				GCC_C_LANGUAGE_STANDARD = gnu99;
				GCC_DYNAMIC_NO_PIC = NO;
				GCC_NO_COMMON_BLOCKS = YES;
				GCC_OPTIMIZATION_LEVEL = 0;
				GCC_PREPROCESSOR_DEFINITIONS = (
					"DEBUG=1",
					"$(inherited)",
				);
				GCC_WARN_64_TO_32_BIT_CONVERSION = YES;
				GCC_WARN_ABOUT_RETURN_TYPE = YES_ERROR;
				GCC_WARN_UNDECLARED_SELECTOR = YES;
				GCC_WARN_UNINITIALIZED_AUTOS = YES_AGGRESSIVE;
				GCC_WARN_UNUSED_FUNCTION = YES;
				GCC_WARN_UNUSED_VARIABLE = YES;
				IPHONEOS_DEPLOYMENT_TARGET = 10.0;
				MTL_ENABLE_DEBUG_INFO = YES;
				ONLY_ACTIVE_ARCH = YES;
				SDKROOT = iphoneos;
				SWIFT_ACTIVE_COMPILATION_CONDITIONS = DEBUG;
				SWIFT_OPTIMIZATION_LEVEL = "-Onone";
			};
			name = Debug;
		};
		3250A7821DAE86AB00CE32AD /* Release */ = {
			isa = XCBuildConfiguration;
			buildSettings = {
				ALWAYS_SEARCH_USER_PATHS = NO;
				CLANG_ANALYZER_NONNULL = YES;
				CLANG_CXX_LANGUAGE_STANDARD = "gnu++0x";
				CLANG_CXX_LIBRARY = "libc++";
				CLANG_ENABLE_MODULES = YES;
				CLANG_ENABLE_OBJC_ARC = YES;
				CLANG_WARN_BOOL_CONVERSION = YES;
				CLANG_WARN_CONSTANT_CONVERSION = YES;
				CLANG_WARN_DIRECT_OBJC_ISA_USAGE = YES_ERROR;
				CLANG_WARN_DOCUMENTATION_COMMENTS = YES;
				CLANG_WARN_EMPTY_BODY = YES;
				CLANG_WARN_ENUM_CONVERSION = YES;
				CLANG_WARN_INFINITE_RECURSION = YES;
				CLANG_WARN_INT_CONVERSION = YES;
				CLANG_WARN_OBJC_ROOT_CLASS = YES_ERROR;
				CLANG_WARN_SUSPICIOUS_MOVES = YES;
				CLANG_WARN_UNREACHABLE_CODE = YES;
				CLANG_WARN__DUPLICATE_METHOD_MATCH = YES;
				"CODE_SIGN_IDENTITY[sdk=iphoneos*]" = "iPhone Developer";
				COPY_PHASE_STRIP = NO;
				DEBUG_INFORMATION_FORMAT = "dwarf-with-dsym";
				ENABLE_NS_ASSERTIONS = NO;
				ENABLE_STRICT_OBJC_MSGSEND = YES;
				GCC_C_LANGUAGE_STANDARD = gnu99;
				GCC_NO_COMMON_BLOCKS = YES;
				GCC_WARN_64_TO_32_BIT_CONVERSION = YES;
				GCC_WARN_ABOUT_RETURN_TYPE = YES_ERROR;
				GCC_WARN_UNDECLARED_SELECTOR = YES;
				GCC_WARN_UNINITIALIZED_AUTOS = YES_AGGRESSIVE;
				GCC_WARN_UNUSED_FUNCTION = YES;
				GCC_WARN_UNUSED_VARIABLE = YES;
				IPHONEOS_DEPLOYMENT_TARGET = 10.0;
				MTL_ENABLE_DEBUG_INFO = NO;
				SDKROOT = iphoneos;
				SWIFT_OPTIMIZATION_LEVEL = "-Owholemodule";
				VALIDATE_PRODUCT = YES;
			};
			name = Release;
		};
		3250A7841DAE86AB00CE32AD /* Debug */ = {
			isa = XCBuildConfiguration;
			buildSettings = {
				ASSETCATALOG_COMPILER_APPICON_NAME = AppIcon;
				INFOPLIST_FILE = "ui-elements/Info.plist";
				LD_RUNPATH_SEARCH_PATHS = "$(inherited) @executable_path/Frameworks";
				PRODUCT_BUNDLE_IDENTIFIER = "com.gndapps.ui-elements";
				PRODUCT_NAME = "$(TARGET_NAME)";
				SWIFT_VERSION = 3.0;
			};
			name = Debug;
		};
		3250A7851DAE86AB00CE32AD /* Release */ = {
			isa = XCBuildConfiguration;
			buildSettings = {
				ASSETCATALOG_COMPILER_APPICON_NAME = AppIcon;
				INFOPLIST_FILE = "ui-elements/Info.plist";
				LD_RUNPATH_SEARCH_PATHS = "$(inherited) @executable_path/Frameworks";
				PRODUCT_BUNDLE_IDENTIFIER = "com.gndapps.ui-elements";
				PRODUCT_NAME = "$(TARGET_NAME)";
				SWIFT_VERSION = 3.0;
			};
			name = Release;
		};
/* End XCBuildConfiguration section */

/* Begin XCConfigurationList section */
		3250A76C1DAE86AB00CE32AD /* Build configuration list for PBXProject "ui-elements" */ = {
			isa = XCConfigurationList;
			buildConfigurations = (
				3250A7811DAE86AB00CE32AD /* Debug */,
				3250A7821DAE86AB00CE32AD /* Release */,
			);
			defaultConfigurationIsVisible = 0;
			defaultConfigurationName = Release;
		};
		3250A7831DAE86AB00CE32AD /* Build configuration list for PBXNativeTarget "ui-elements" */ = {
			isa = XCConfigurationList;
			buildConfigurations = (
				3250A7841DAE86AB00CE32AD /* Debug */,
				3250A7851DAE86AB00CE32AD /* Release */,
			);
			defaultConfigurationIsVisible = 0;
		};
/* End XCConfigurationList section */
	};
	rootObject = 3250A7691DAE86AB00CE32AD /* Project object */;
}
